
Microsoft Visual Studio Solution File, Format Version 12.00
# Visual Studio Version 17
VisualStudioVersion = 17.2.32616.157
MinimumVisualStudioVersion = 10.0.40219.1
Project("{FAE04EC0-301F-11D3-BF4B-00C04F79EFBC}") = "Burger.Web", "Burger.Web\Burger.Web.csproj", "{C3B6A843-BE61-4B96-84EE-8AC781988DCA}"
EndProject
Project("{FAE04EC0-301F-11D3-BF4B-00C04F79EFBC}") = "Burger.Entities", "Burger.Entities\Burger.Entities.csproj", "{0F8D4F28-EC65-453D-A7F9-A8649FB285B5}"
EndProject
Project("{FAE04EC0-301F-11D3-BF4B-00C04F79EFBC}") = "Burger.DAL", "Burger.DAL\Burger.DAL.csproj", "{036324BE-0DC4-4EB9-AEB1-E78FDC30795D}"
EndProject
Project("{FAE04EC0-301F-11D3-BF4B-00C04F79EFBC}") = "Burger.BL", "Burger.BL\Burger.BL.csproj", "{4F3E7529-4437-475D-A231-3F2E819A6260}"
EndProject
Global
	GlobalSection(SolutionConfigurationPlatforms) = preSolution
		Debug|Any CPU = Debug|Any CPU
		Release|Any CPU = Release|Any CPU
	EndGlobalSection
	GlobalSection(ProjectConfigurationPlatforms) = postSolution
		{C3B6A843-BE61-4B96-84EE-8AC781988DCA}.Debug|Any CPU.ActiveCfg = Debug|Any CPU
		{C3B6A843-BE61-4B96-84EE-8AC781988DCA}.Debug|Any CPU.Build.0 = Debug|Any CPU
		{C3B6A843-BE61-4B96-84EE-8AC781988DCA}.Release|Any CPU.ActiveCfg = Release|Any CPU
		{C3B6A843-BE61-4B96-84EE-8AC781988DCA}.Release|Any CPU.Build.0 = Release|Any CPU
		{0F8D4F28-EC65-453D-A7F9-A8649FB285B5}.Debug|Any CPU.ActiveCfg = Debug|Any CPU
		{0F8D4F28-EC65-453D-A7F9-A8649FB285B5}.Debug|Any CPU.Build.0 = Debug|Any CPU
		{0F8D4F28-EC65-453D-A7F9-A8649FB285B5}.Release|Any CPU.ActiveCfg = Release|Any CPU
		{0F8D4F28-EC65-453D-A7F9-A8649FB285B5}.Release|Any CPU.Build.0 = Release|Any CPU
		{036324BE-0DC4-4EB9-AEB1-E78FDC30795D}.Debug|Any CPU.ActiveCfg = Debug|Any CPU
		{036324BE-0DC4-4EB9-AEB1-E78FDC30795D}.Debug|Any CPU.Build.0 = Debug|Any CPU
		{036324BE-0DC4-4EB9-AEB1-E78FDC30795D}.Release|Any CPU.ActiveCfg = Release|Any CPU
		{036324BE-0DC4-4EB9-AEB1-E78FDC30795D}.Release|Any CPU.Build.0 = Release|Any CPU
		{4F3E7529-4437-475D-A231-3F2E819A6260}.Debug|Any CPU.ActiveCfg = Debug|Any CPU
		{4F3E7529-4437-475D-A231-3F2E819A6260}.Debug|Any CPU.Build.0 = Debug|Any CPU
		{4F3E7529-4437-475D-A231-3F2E819A6260}.Release|Any CPU.ActiveCfg = Release|Any CPU
		{4F3E7529-4437-475D-A231-3F2E819A6260}.Release|Any CPU.Build.0 = Release|Any CPU
	EndGlobalSection
	GlobalSection(SolutionProperties) = preSolution
		HideSolutionNode = FALSE
	EndGlobalSection
	GlobalSection(ExtensibilityGlobals) = postSolution
		SolutionGuid = {70868530-59AF-428B-8F3A-660D9910FA89}
	EndGlobalSection
EndGlobal
